
Microsoft Visual Studio Solution File, Format Version 12.00
# Visual Studio Version 16
VisualStudioVersion = 16.0.30413.136
MinimumVisualStudioVersion = 10.0.40219.1
Project("{FAE04EC0-301F-11D3-BF4B-00C04F79EFBC}") = "SuperBank", "SuperBank.csproj", "{1DE890B4-3622-4CAA-B329-BF1CCDC4FE37}"
EndProject
Global
	GlobalSection(SolutionConfigurationPlatforms) = preSolution
		Debug|Any CPU = Debug|Any CPU
		Release|Any CPU = Release|Any CPU
	EndGlobalSection
	GlobalSection(ProjectConfigurationPlatforms) = postSolution
		{1DE890B4-3622-4CAA-B329-BF1CCDC4FE37}.Debug|Any CPU.ActiveCfg = Debug|Any CPU
		{1DE890B4-3622-4CAA-B329-BF1CCDC4FE37}.Debug|Any CPU.Build.0 = Debug|Any CPU
		{1DE890B4-3622-4CAA-B329-BF1CCDC4FE37}.Release|Any CPU.ActiveCfg = Release|Any CPU
		{1DE890B4-3622-4CAA-B329-BF1CCDC4FE37}.Release|Any CPU.Build.0 = Release|Any CPU
	EndGlobalSection
	GlobalSection(SolutionProperties) = preSolution
		HideSolutionNode = FALSE
	EndGlobalSection
	GlobalSection(ExtensibilityGlobals) = postSolution
		SolutionGuid = {1A13C547-A6B9-46A6-8614-8B300E7CE8F3}
	EndGlobalSection
EndGlobal
